
Microsoft Visual Studio Solution File, Format Version 12.00
# Visual Studio Version 17
VisualStudioVersion = 17.4.33122.133
MinimumVisualStudioVersion = 10.0.40219.1
Project("{8BC9CEB8-8B4A-11D0-8D11-00A0C91BC942}") = "Puzzle-01", "Puzzle-01-1\Puzzle-01-1.vcxproj", "{ED8442C6-DB03-4343-B21D-AC8D4352B9D9}"
EndProject
Project("{8BC9CEB8-8B4A-11D0-8D11-00A0C91BC942}") = "Puzzle-02", "Puzzle-02-1\Puzzle-02-1.vcxproj", "{1AE9B431-2174-4209-9BD0-16DF96BC2010}"
EndProject
Project("{8BC9CEB8-8B4A-11D0-8D11-00A0C91BC942}") = "Puzzle-03", "Puzzle-03-1\Puzzle-03-1.vcxproj", "{220DDAD5-8CFC-4DDC-BA48-C349B6EBB27E}"
EndProject
Project("{8BC9CEB8-8B4A-11D0-8D11-00A0C91BC942}") = "Puzzle-04", "Puzzle-04\Puzzle-04.vcxproj", "{6747B76D-9149-452E-9B6D-6FD30FAF71CD}"
EndProject
Project("{8BC9CEB8-8B4A-11D0-8D11-00A0C91BC942}") = "Puzzle-05", "Puzzle-05\Puzzle-05.vcxproj", "{237CCD11-E0A8-4A55-A332-D3F64FE8986B}"
EndProject
Project("{8BC9CEB8-8B4A-11D0-8D11-00A0C91BC942}") = "Puzzle-06", "Puzzle-06\Puzzle-06.vcxproj", "{FBA3D5F9-9DA4-4F71-BE7F-C18450CC79F5}"
EndProject
Project("{8BC9CEB8-8B4A-11D0-8D11-00A0C91BC942}") = "utils", "utils\utils.vcxitems", "{D3D6830B-92F3-48FC-A8FB-43BC58094164}"
EndProject
Project("{8BC9CEB8-8B4A-11D0-8D11-00A0C91BC942}") = "Puzzle-07", "Puzzle-07\Puzzle-07.vcxproj", "{34AC33E5-B165-4576-A2CF-A21549854F09}"
EndProject
Project("{8BC9CEB8-8B4A-11D0-8D11-00A0C91BC942}") = "Puzzle-08", "Puzzle-08\Puzzle-08.vcxproj", "{DE3533C5-D287-4F6B-913F-B0F6B2813A3A}"
EndProject
Project("{8BC9CEB8-8B4A-11D0-8D11-00A0C91BC942}") = "Puzzle-09", "Puzzle-09\Puzzle-09.vcxproj", "{2BD70A4B-B418-4214-8412-46D312320F55}"
EndProject
Project("{8BC9CEB8-8B4A-11D0-8D11-00A0C91BC942}") = "Puzzle-10", "Puzzle-10\Puzzle-10.vcxproj", "{82BE1472-27BA-4016-A467-654CCC8ABE3C}"
EndProject
Project("{8BC9CEB8-8B4A-11D0-8D11-00A0C91BC942}") = "Puzzle-11", "Puzzle-11\Puzzle-11.vcxproj", "{E7CA472F-B822-4419-ADDF-E577DE0EF62D}"
EndProject
Project("{8BC9CEB8-8B4A-11D0-8D11-00A0C91BC942}") = "Puzzle-12", "Puzzle-12\Puzzle-12.vcxproj", "{C07D7924-3F8E-4ACD-BA54-5198B7413164}"
EndProject
Project("{8BC9CEB8-8B4A-11D0-8D11-00A0C91BC942}") = "Puzzle-13", "Puzzle-13\Puzzle-13.vcxproj", "{81FB8F09-7A7E-4B24-8F39-E8C5EB3CA950}"
EndProject
Project("{8BC9CEB8-8B4A-11D0-8D11-00A0C91BC942}") = "Puzzle-14", "Puzzle-14\Puzzle-14.vcxproj", "{DE289419-3B45-47BB-8B21-623AB5693AA0}"
EndProject
Global
	GlobalSection(SolutionConfigurationPlatforms) = preSolution
		Debug|x64 = Debug|x64
		Debug|x86 = Debug|x86
		Release|x64 = Release|x64
		Release|x86 = Release|x86
	EndGlobalSection
	GlobalSection(ProjectConfigurationPlatforms) = postSolution
		{ED8442C6-DB03-4343-B21D-AC8D4352B9D9}.Debug|x64.ActiveCfg = Debug|x64
		{ED8442C6-DB03-4343-B21D-AC8D4352B9D9}.Debug|x64.Build.0 = Debug|x64
		{ED8442C6-DB03-4343-B21D-AC8D4352B9D9}.Debug|x86.ActiveCfg = Debug|Win32
		{ED8442C6-DB03-4343-B21D-AC8D4352B9D9}.Debug|x86.Build.0 = Debug|Win32
		{ED8442C6-DB03-4343-B21D-AC8D4352B9D9}.Release|x64.ActiveCfg = Release|x64
		{ED8442C6-DB03-4343-B21D-AC8D4352B9D9}.Release|x64.Build.0 = Release|x64
		{ED8442C6-DB03-4343-B21D-AC8D4352B9D9}.Release|x86.ActiveCfg = Release|Win32
		{ED8442C6-DB03-4343-B21D-AC8D4352B9D9}.Release|x86.Build.0 = Release|Win32
		{1AE9B431-2174-4209-9BD0-16DF96BC2010}.Debug|x64.ActiveCfg = Debug|x64
		{1AE9B431-2174-4209-9BD0-16DF96BC2010}.Debug|x64.Build.0 = Debug|x64
		{1AE9B431-2174-4209-9BD0-16DF96BC2010}.Debug|x86.ActiveCfg = Debug|Win32
		{1AE9B431-2174-4209-9BD0-16DF96BC2010}.Debug|x86.Build.0 = Debug|Win32
		{1AE9B431-2174-4209-9BD0-16DF96BC2010}.Release|x64.ActiveCfg = Release|x64
		{1AE9B431-2174-4209-9BD0-16DF96BC2010}.Release|x64.Build.0 = Release|x64
		{1AE9B431-2174-4209-9BD0-16DF96BC2010}.Release|x86.ActiveCfg = Release|Win32
		{1AE9B431-2174-4209-9BD0-16DF96BC2010}.Release|x86.Build.0 = Release|Win32
		{220DDAD5-8CFC-4DDC-BA48-C349B6EBB27E}.Debug|x64.ActiveCfg = Debug|x64
		{220DDAD5-8CFC-4DDC-BA48-C349B6EBB27E}.Debug|x64.Build.0 = Debug|x64
		{220DDAD5-8CFC-4DDC-BA48-C349B6EBB27E}.Debug|x86.ActiveCfg = Debug|Win32
		{220DDAD5-8CFC-4DDC-BA48-C349B6EBB27E}.Debug|x86.Build.0 = Debug|Win32
		{220DDAD5-8CFC-4DDC-BA48-C349B6EBB27E}.Release|x64.ActiveCfg = Release|x64
		{220DDAD5-8CFC-4DDC-BA48-C349B6EBB27E}.Release|x64.Build.0 = Release|x64
		{220DDAD5-8CFC-4DDC-BA48-C349B6EBB27E}.Release|x86.ActiveCfg = Release|Win32
		{220DDAD5-8CFC-4DDC-BA48-C349B6EBB27E}.Release|x86.Build.0 = Release|Win32
		{6747B76D-9149-452E-9B6D-6FD30FAF71CD}.Debug|x64.ActiveCfg = Debug|x64
		{6747B76D-9149-452E-9B6D-6FD30FAF71CD}.Debug|x64.Build.0 = Debug|x64
		{6747B76D-9149-452E-9B6D-6FD30FAF71CD}.Debug|x86.ActiveCfg = Debug|Win32
		{6747B76D-9149-452E-9B6D-6FD30FAF71CD}.Debug|x86.Build.0 = Debug|Win32
		{6747B76D-9149-452E-9B6D-6FD30FAF71CD}.Release|x64.ActiveCfg = Release|x64
		{6747B76D-9149-452E-9B6D-6FD30FAF71CD}.Release|x64.Build.0 = Release|x64
		{6747B76D-9149-452E-9B6D-6FD30FAF71CD}.Release|x86.ActiveCfg = Release|Win32
		{6747B76D-9149-452E-9B6D-6FD30FAF71CD}.Release|x86.Build.0 = Release|Win32
		{237CCD11-E0A8-4A55-A332-D3F64FE8986B}.Debug|x64.ActiveCfg = Debug|x64
		{237CCD11-E0A8-4A55-A332-D3F64FE8986B}.Debug|x64.Build.0 = Debug|x64
		{237CCD11-E0A8-4A55-A332-D3F64FE8986B}.Debug|x86.ActiveCfg = Debug|Win32
		{237CCD11-E0A8-4A55-A332-D3F64FE8986B}.Debug|x86.Build.0 = Debug|Win32
		{237CCD11-E0A8-4A55-A332-D3F64FE8986B}.Release|x64.ActiveCfg = Release|x64
		{237CCD11-E0A8-4A55-A332-D3F64FE8986B}.Release|x64.Build.0 = Release|x64
		{237CCD11-E0A8-4A55-A332-D3F64FE8986B}.Release|x86.ActiveCfg = Release|Win32
		{237CCD11-E0A8-4A55-A332-D3F64FE8986B}.Release|x86.Build.0 = Release|Win32
		{FBA3D5F9-9DA4-4F71-BE7F-C18450CC79F5}.Debug|x64.ActiveCfg = Debug|x64
		{FBA3D5F9-9DA4-4F71-BE7F-C18450CC79F5}.Debug|x64.Build.0 = Debug|x64
		{FBA3D5F9-9DA4-4F71-BE7F-C18450CC79F5}.Debug|x86.ActiveCfg = Debug|Win32
		{FBA3D5F9-9DA4-4F71-BE7F-C18450CC79F5}.Debug|x86.Build.0 = Debug|Win32
		{FBA3D5F9-9DA4-4F71-BE7F-C18450CC79F5}.Release|x64.ActiveCfg = Release|x64
		{FBA3D5F9-9DA4-4F71-BE7F-C18450CC79F5}.Release|x64.Build.0 = Release|x64
		{FBA3D5F9-9DA4-4F71-BE7F-C18450CC79F5}.Release|x86.ActiveCfg = Release|Win32
		{FBA3D5F9-9DA4-4F71-BE7F-C18450CC79F5}.Release|x86.Build.0 = Release|Win32
		{34AC33E5-B165-4576-A2CF-A21549854F09}.Debug|x64.ActiveCfg = Debug|x64
		{34AC33E5-B165-4576-A2CF-A21549854F09}.Debug|x64.Build.0 = Debug|x64
		{34AC33E5-B165-4576-A2CF-A21549854F09}.Debug|x86.ActiveCfg = Debug|Win32
		{34AC33E5-B165-4576-A2CF-A21549854F09}.Debug|x86.Build.0 = Debug|Win32
		{34AC33E5-B165-4576-A2CF-A21549854F09}.Release|x64.ActiveCfg = Release|x64
		{34AC33E5-B165-4576-A2CF-A21549854F09}.Release|x64.Build.0 = Release|x64
		{34AC33E5-B165-4576-A2CF-A21549854F09}.Release|x86.ActiveCfg = Release|Win32
		{34AC33E5-B165-4576-A2CF-A21549854F09}.Release|x86.Build.0 = Release|Win32
		{DE3533C5-D287-4F6B-913F-B0F6B2813A3A}.Debug|x64.ActiveCfg = Debug|x64
		{DE3533C5-D287-4F6B-913F-B0F6B2813A3A}.Debug|x64.Build.0 = Debug|x64
		{DE3533C5-D287-4F6B-913F-B0F6B2813A3A}.Debug|x86.ActiveCfg = Debug|Win32
		{DE3533C5-D287-4F6B-913F-B0F6B2813A3A}.Debug|x86.Build.0 = Debug|Win32
		{DE3533C5-D287-4F6B-913F-B0F6B2813A3A}.Release|x64.ActiveCfg = Release|x64
		{DE3533C5-D287-4F6B-913F-B0F6B2813A3A}.Release|x64.Build.0 = Release|x64
		{DE3533C5-D287-4F6B-913F-B0F6B2813A3A}.Release|x86.ActiveCfg = Release|Win32
		{DE3533C5-D287-4F6B-913F-B0F6B2813A3A}.Release|x86.Build.0 = Release|Win32
		{2BD70A4B-B418-4214-8412-46D312320F55}.Debug|x64.ActiveCfg = Debug|x64
		{2BD70A4B-B418-4214-8412-46D312320F55}.Debug|x64.Build.0 = Debug|x64
		{2BD70A4B-B418-4214-8412-46D312320F55}.Debug|x86.ActiveCfg = Debug|Win32
		{2BD70A4B-B418-4214-8412-46D312320F55}.Debug|x86.Build.0 = Debug|Win32
		{2BD70A4B-B418-4214-8412-46D312320F55}.Release|x64.ActiveCfg = Release|x64
		{2BD70A4B-B418-4214-8412-46D312320F55}.Release|x64.Build.0 = Release|x64
		{2BD70A4B-B418-4214-8412-46D312320F55}.Release|x86.ActiveCfg = Release|Win32
		{2BD70A4B-B418-4214-8412-46D312320F55}.Release|x86.Build.0 = Release|Win32
		{82BE1472-27BA-4016-A467-654CCC8ABE3C}.Debug|x64.ActiveCfg = Debug|x64
		{82BE1472-27BA-4016-A467-654CCC8ABE3C}.Debug|x64.Build.0 = Debug|x64
		{82BE1472-27BA-4016-A467-654CCC8ABE3C}.Debug|x86.ActiveCfg = Debug|Win32
		{82BE1472-27BA-4016-A467-654CCC8ABE3C}.Debug|x86.Build.0 = Debug|Win32
		{82BE1472-27BA-4016-A467-654CCC8ABE3C}.Release|x64.ActiveCfg = Release|x64
		{82BE1472-27BA-4016-A467-654CCC8ABE3C}.Release|x64.Build.0 = Release|x64
		{82BE1472-27BA-4016-A467-654CCC8ABE3C}.Release|x86.ActiveCfg = Release|Win32
		{82BE1472-27BA-4016-A467-654CCC8ABE3C}.Release|x86.Build.0 = Release|Win32
		{E7CA472F-B822-4419-ADDF-E577DE0EF62D}.Debug|x64.ActiveCfg = Debug|x64
		{E7CA472F-B822-4419-ADDF-E577DE0EF62D}.Debug|x64.Build.0 = Debug|x64
		{E7CA472F-B822-4419-ADDF-E577DE0EF62D}.Debug|x86.ActiveCfg = Debug|Win32
		{E7CA472F-B822-4419-ADDF-E577DE0EF62D}.Debug|x86.Build.0 = Debug|Win32
		{E7CA472F-B822-4419-ADDF-E577DE0EF62D}.Release|x64.ActiveCfg = Release|x64
		{E7CA472F-B822-4419-ADDF-E577DE0EF62D}.Release|x64.Build.0 = Release|x64
		{E7CA472F-B822-4419-ADDF-E577DE0EF62D}.Release|x86.ActiveCfg = Release|Win32
		{E7CA472F-B822-4419-ADDF-E577DE0EF62D}.Release|x86.Build.0 = Release|Win32
		{C07D7924-3F8E-4ACD-BA54-5198B7413164}.Debug|x64.ActiveCfg = Debug|x64
		{C07D7924-3F8E-4ACD-BA54-5198B7413164}.Debug|x64.Build.0 = Debug|x64
		{C07D7924-3F8E-4ACD-BA54-5198B7413164}.Debug|x86.ActiveCfg = Debug|Win32
		{C07D7924-3F8E-4ACD-BA54-5198B7413164}.Debug|x86.Build.0 = Debug|Win32
		{C07D7924-3F8E-4ACD-BA54-5198B7413164}.Release|x64.ActiveCfg = Release|x64
		{C07D7924-3F8E-4ACD-BA54-5198B7413164}.Release|x64.Build.0 = Release|x64
		{C07D7924-3F8E-4ACD-BA54-5198B7413164}.Release|x86.ActiveCfg = Release|Win32
		{C07D7924-3F8E-4ACD-BA54-5198B7413164}.Release|x86.Build.0 = Release|Win32
		{81FB8F09-7A7E-4B24-8F39-E8C5EB3CA950}.Debug|x64.ActiveCfg = Debug|x64
		{81FB8F09-7A7E-4B24-8F39-E8C5EB3CA950}.Debug|x64.Build.0 = Debug|x64
		{81FB8F09-7A7E-4B24-8F39-E8C5EB3CA950}.Debug|x86.ActiveCfg = Debug|Win32
		{81FB8F09-7A7E-4B24-8F39-E8C5EB3CA950}.Debug|x86.Build.0 = Debug|Win32
		{81FB8F09-7A7E-4B24-8F39-E8C5EB3CA950}.Release|x64.ActiveCfg = Release|x64
		{81FB8F09-7A7E-4B24-8F39-E8C5EB3CA950}.Release|x64.Build.0 = Release|x64
		{81FB8F09-7A7E-4B24-8F39-E8C5EB3CA950}.Release|x86.ActiveCfg = Release|Win32
		{81FB8F09-7A7E-4B24-8F39-E8C5EB3CA950}.Release|x86.Build.0 = Release|Win32
		{DE289419-3B45-47BB-8B21-623AB5693AA0}.Debug|x64.ActiveCfg = Debug|x64
		{DE289419-3B45-47BB-8B21-623AB5693AA0}.Debug|x64.Build.0 = Debug|x64
		{DE289419-3B45-47BB-8B21-623AB5693AA0}.Debug|x86.ActiveCfg = Debug|Win32
		{DE289419-3B45-47BB-8B21-623AB5693AA0}.Debug|x86.Build.0 = Debug|Win32
		{DE289419-3B45-47BB-8B21-623AB5693AA0}.Release|x64.ActiveCfg = Release|x64
		{DE289419-3B45-47BB-8B21-623AB5693AA0}.Release|x64.Build.0 = Release|x64
		{DE289419-3B45-47BB-8B21-623AB5693AA0}.Release|x86.ActiveCfg = Release|Win32
		{DE289419-3B45-47BB-8B21-623AB5693AA0}.Release|x86.Build.0 = Release|Win32
	EndGlobalSection
	GlobalSection(SolutionProperties) = preSolution
		HideSolutionNode = FALSE
	EndGlobalSection
	GlobalSection(ExtensibilityGlobals) = postSolution
		SolutionGuid = {4731A9E4-339D-45F2-BAD8-D22E5E8453C4}
	EndGlobalSection
EndGlobal
