
Microsoft Visual Studio Solution File, Format Version 12.00
# Visual Studio Version 17
VisualStudioVersion = 17.4.33122.133
MinimumVisualStudioVersion = 10.0.40219.1
Project("{8BC9CEB8-8B4A-11D0-8D11-00A0C91BC942}") = "Puzzle-01-1", "Puzzle-01-1\Puzzle-01-1.vcxproj", "{ED8442C6-DB03-4343-B21D-AC8D4352B9D9}"
EndProject
Project("{8BC9CEB8-8B4A-11D0-8D11-00A0C91BC942}") = "Puzzle-02-1", "Puzzle-02-1\Puzzle-02-1.vcxproj", "{1AE9B431-2174-4209-9BD0-16DF96BC2010}"
EndProject
Global
	GlobalSection(SolutionConfigurationPlatforms) = preSolution
		Debug|x64 = Debug|x64
		Debug|x86 = Debug|x86
		Release|x64 = Release|x64
		Release|x86 = Release|x86
	EndGlobalSection
	GlobalSection(ProjectConfigurationPlatforms) = postSolution
		{ED8442C6-DB03-4343-B21D-AC8D4352B9D9}.Debug|x64.ActiveCfg = Debug|x64
		{ED8442C6-DB03-4343-B21D-AC8D4352B9D9}.Debug|x64.Build.0 = Debug|x64
		{ED8442C6-DB03-4343-B21D-AC8D4352B9D9}.Debug|x86.ActiveCfg = Debug|Win32
		{ED8442C6-DB03-4343-B21D-AC8D4352B9D9}.Debug|x86.Build.0 = Debug|Win32
		{ED8442C6-DB03-4343-B21D-AC8D4352B9D9}.Release|x64.ActiveCfg = Release|x64
		{ED8442C6-DB03-4343-B21D-AC8D4352B9D9}.Release|x64.Build.0 = Release|x64
		{ED8442C6-DB03-4343-B21D-AC8D4352B9D9}.Release|x86.ActiveCfg = Release|Win32
		{ED8442C6-DB03-4343-B21D-AC8D4352B9D9}.Release|x86.Build.0 = Release|Win32
		{1AE9B431-2174-4209-9BD0-16DF96BC2010}.Debug|x64.ActiveCfg = Debug|x64
		{1AE9B431-2174-4209-9BD0-16DF96BC2010}.Debug|x64.Build.0 = Debug|x64
		{1AE9B431-2174-4209-9BD0-16DF96BC2010}.Debug|x86.ActiveCfg = Debug|Win32
		{1AE9B431-2174-4209-9BD0-16DF96BC2010}.Debug|x86.Build.0 = Debug|Win32
		{1AE9B431-2174-4209-9BD0-16DF96BC2010}.Release|x64.ActiveCfg = Release|x64
		{1AE9B431-2174-4209-9BD0-16DF96BC2010}.Release|x64.Build.0 = Release|x64
		{1AE9B431-2174-4209-9BD0-16DF96BC2010}.Release|x86.ActiveCfg = Release|Win32
		{1AE9B431-2174-4209-9BD0-16DF96BC2010}.Release|x86.Build.0 = Release|Win32
	EndGlobalSection
	GlobalSection(SolutionProperties) = preSolution
		HideSolutionNode = FALSE
	EndGlobalSection
	GlobalSection(ExtensibilityGlobals) = postSolution
		SolutionGuid = {4731A9E4-339D-45F2-BAD8-D22E5E8453C4}
	EndGlobalSection
EndGlobal
